
Microsoft Visual Studio Solution File, Format Version 12.00
# Visual Studio 15
VisualStudioVersion = 15.0.28307.329
MinimumVisualStudioVersion = 10.0.40219.1
Project("{FAE04EC0-301F-11D3-BF4B-00C04F79EFBC}") = "MovieApp.NewDb", "MovieApp.NewDb\MovieApp.NewDb.csproj", "{CA283AAE-E94A-46D1-BA2E-492D25BB0906}"
EndProject
Global
	GlobalSection(SolutionConfigurationPlatforms) = preSolution
		Debug|Any CPU = Debug|Any CPU
		Release|Any CPU = Release|Any CPU
	EndGlobalSection
	GlobalSection(ProjectConfigurationPlatforms) = postSolution
		{CA283AAE-E94A-46D1-BA2E-492D25BB0906}.Debug|Any CPU.ActiveCfg = Debug|Any CPU
		{CA283AAE-E94A-46D1-BA2E-492D25BB0906}.Debug|Any CPU.Build.0 = Debug|Any CPU
		{CA283AAE-E94A-46D1-BA2E-492D25BB0906}.Release|Any CPU.ActiveCfg = Release|Any CPU
		{CA283AAE-E94A-46D1-BA2E-492D25BB0906}.Release|Any CPU.Build.0 = Release|Any CPU
	EndGlobalSection
	GlobalSection(SolutionProperties) = preSolution
		HideSolutionNode = FALSE
	EndGlobalSection
	GlobalSection(ExtensibilityGlobals) = postSolution
		SolutionGuid = {5F4DEB81-BFA4-45EF-9A32-128E2982497B}
	EndGlobalSection
EndGlobal
